
Microsoft Visual Studio Solution File, Format Version 12.00
# Visual Studio Version 16
VisualStudioVersion = 16.0.31005.135
MinimumVisualStudioVersion = 10.0.40219.1
Project("{FAE04EC0-301F-11D3-BF4B-00C04F79EFBC}") = "ProgramV2", "ProgramV2\ProgramV2.csproj", "{A9E7E039-E5EB-436C-8F5F-762CDB00C214}"
EndProject
Global
	GlobalSection(SolutionConfigurationPlatforms) = preSolution
		Debug|Any CPU = Debug|Any CPU
		Release|Any CPU = Release|Any CPU
	EndGlobalSection
	GlobalSection(ProjectConfigurationPlatforms) = postSolution
		{A9E7E039-E5EB-436C-8F5F-762CDB00C214}.Debug|Any CPU.ActiveCfg = Debug|Any CPU
		{A9E7E039-E5EB-436C-8F5F-762CDB00C214}.Debug|Any CPU.Build.0 = Debug|Any CPU
		{A9E7E039-E5EB-436C-8F5F-762CDB00C214}.Release|Any CPU.ActiveCfg = Release|Any CPU
		{A9E7E039-E5EB-436C-8F5F-762CDB00C214}.Release|Any CPU.Build.0 = Release|Any CPU
	EndGlobalSection
	GlobalSection(SolutionProperties) = preSolution
		HideSolutionNode = FALSE
	EndGlobalSection
	GlobalSection(ExtensibilityGlobals) = postSolution
		SolutionGuid = {56DA862D-F733-48DF-902B-E91F277969CF}
	EndGlobalSection
EndGlobal
